{
  "name": "keygeneration",
  "version": "1.0.0",
  "lockfileVersion": 1,
  "requires": true,
  "dependencies": {
    "bcrypto": {
      "version": "5.3.0",
      "resolved": "https://registry.npmjs.org/bcrypto/-/bcrypto-5.3.0.tgz",
      "integrity": "sha512-SP48cpoc4BkEPNOErdsZ1VjbtdXY/C0f5wAywWniLne/Fd/5oOBqLbC6ZavngLvk4oik76g4I7PO5KduJoqECQ==",
      "requires": {
        "bufio": "~1.0.7",
        "loady": "~0.0.5"
      }
    },
    "bmocha": {
      "version": "2.1.5",
      "resolved": "https://registry.npmjs.org/bmocha/-/bmocha-2.1.5.tgz",
      "integrity": "sha512-hEO+jQC+6CMxdxSqKPjqAdIDvRWHfdGgsMh4fUmatkMewbYr2O6qMIbW7Lhcmkcnz8bwRHZuEdDaBt/16NofoA==",
      "dev": true
    },
    "bsert": {
      "version": "0.0.10",
      "resolved": "https://registry.npmjs.org/bsert/-/bsert-0.0.10.tgz",
      "integrity": "sha512-NHNwlac+WPy4t2LoNh8pXk8uaIGH3NSaIUbTTRXGpE2WEbq0te/tDykYHkFK57YKLPjv/aGHmbqvnGeVWDz57Q=="
    },
    "bufio": {
      "version": "1.0.7",
      "resolved": "https://registry.npmjs.org/bufio/-/bufio-1.0.7.tgz",
      "integrity": "sha512-bd1dDQhiC+bEbEfg56IdBv7faWa6OipMs/AFFFvtFnB3wAYjlwQpQRZ0pm6ZkgtfL0pILRXhKxOiQj6UzoMR7A=="
    },
    "loady": {
      "version": "0.0.5",
      "resolved": "https://registry.npmjs.org/loady/-/loady-0.0.5.tgz",
      "integrity": "sha512-uxKD2HIj042/HBx77NBcmEPsD+hxCgAtjEWlYNScuUjIsh/62Uyu39GOR68TBR68v+jqDL9zfftCWoUo4y03sQ=="
    }
  }
}
